// !$*UTF8*$!
{
	archiveVersion = 1;
	classes = {
	};
	objectVersion = 50;
	objects = {

/* Begin PBXBuildFile section */
		5522D87B7C846D484AE5AFC0 /* Pods_DataViewApp.framework in Frameworks */ = {isa = PBXBuildFile; fileRef = AB29F211528A8CF93A9184D0 /* Pods_DataViewApp.framework */; };
		5FEBA904985FFC614CC7B106 /* Pods_DataViewAppUITests.framework in Frameworks */ = {isa = PBXBuildFile; fileRef = 352E9FE0085BAEA6B38E9B03 /* Pods_DataViewAppUITests.framework */; };
		81FD7DD3F2CA78AD4644A9E2 /* Pods_DataViewAppTests.framework in Frameworks */ = {isa = PBXBuildFile; fileRef = BCA9D6B165FC1628E25C91F6 /* Pods_DataViewAppTests.framework */; };
		EF0436AB22AAB51C00C144B0 /* AppDelegate.swift in Sources */ = {isa = PBXBuildFile; fileRef = EF0436AA22AAB51C00C144B0 /* AppDelegate.swift */; };
		EF0436AD22AAB51C00C144B0 /* ViewController.swift in Sources */ = {isa = PBXBuildFile; fileRef = EF0436AC22AAB51C00C144B0 /* ViewController.swift */; };
		EF0436B022AAB51C00C144B0 /* Main.storyboard in Resources */ = {isa = PBXBuildFile; fileRef = EF0436AE22AAB51C00C144B0 /* Main.storyboard */; };
		EF0436B222AAB51D00C144B0 /* Assets.xcassets in Resources */ = {isa = PBXBuildFile; fileRef = EF0436B122AAB51D00C144B0 /* Assets.xcassets */; };
		EF0436B522AAB51D00C144B0 /* LaunchScreen.storyboard in Resources */ = {isa = PBXBuildFile; fileRef = EF0436B322AAB51D00C144B0 /* LaunchScreen.storyboard */; };
		EF0436C022AAB51D00C144B0 /* DataViewAppTests.swift in Sources */ = {isa = PBXBuildFile; fileRef = EF0436BF22AAB51D00C144B0 /* DataViewAppTests.swift */; };
		EF0436CB22AAB51D00C144B0 /* DataViewAppUITests.swift in Sources */ = {isa = PBXBuildFile; fileRef = EF0436CA22AAB51D00C144B0 /* DataViewAppUITests.swift */; };
		EF0436DE22AB082300C144B0 /* RepoData.swift in Sources */ = {isa = PBXBuildFile; fileRef = EF0436DD22AB082300C144B0 /* RepoData.swift */; };
		EF0436E022AD69E300C144B0 /* Alamofire.framework in Frameworks */ = {isa = PBXBuildFile; fileRef = EF0436DF22AD69E300C144B0 /* Alamofire.framework */; };
		EF5D78EE22AEE6390030B606 /* Nimble.framework in Frameworks */ = {isa = PBXBuildFile; fileRef = EF5D78ED22AEE6390030B606 /* Nimble.framework */; };
		EF5D78F022AEE6390030B606 /* Quick.framework in Frameworks */ = {isa = PBXBuildFile; fileRef = EF5D78EF22AEE6390030B606 /* Quick.framework */; };
		EF5D78F222AEF01F0030B606 /* DataViewAppStructure.swift in Sources */ = {isa = PBXBuildFile; fileRef = EF5D78F122AEF01F0030B606 /* DataViewAppStructure.swift */; };
		EF5D78F422AEF24D0030B606 /* DataViewAppUnitTest.swift in Sources */ = {isa = PBXBuildFile; fileRef = EF5D78F322AEF24D0030B606 /* DataViewAppUnitTest.swift */; };
		EF825C0E22ADDA8C006E4E22 /* SwiftyJSON.framework in Frameworks */ = {isa = PBXBuildFile; fileRef = EF825C0D22ADDA8C006E4E22 /* SwiftyJSON.framework */; };
		EF825C1022AE0CFF006E4E22 /* ItemListCell.swift in Sources */ = {isa = PBXBuildFile; fileRef = EF825C0F22AE0CFF006E4E22 /* ItemListCell.swift */; };
/* End PBXBuildFile section */

/* Begin PBXContainerItemProxy section */
		EF0436BC22AAB51D00C144B0 /* PBXContainerItemProxy */ = {
			isa = PBXContainerItemProxy;
			containerPortal = EF04369F22AAB51C00C144B0 /* Project object */;
			proxyType = 1;
			remoteGlobalIDString = EF0436A622AAB51C00C144B0;
			remoteInfo = DataViewApp;
		};
		EF0436C722AAB51D00C144B0 /* PBXContainerItemProxy */ = {
			isa = PBXContainerItemProxy;
			containerPortal = EF04369F22AAB51C00C144B0 /* Project object */;
			proxyType = 1;
			remoteGlobalIDString = EF0436A622AAB51C00C144B0;
			remoteInfo = DataViewApp;
		};
/* End PBXContainerItemProxy section */

/* Begin PBXFileReference section */
		121069E518F7AD0898562B6C /* Pods-DataViewAppTests.release.xcconfig */ = {isa = PBXFileReference; includeInIndex = 1; lastKnownFileType = text.xcconfig; name = "Pods-DataViewAppTests.release.xcconfig"; path = "Target Support Files/Pods-DataViewAppTests/Pods-DataViewAppTests.release.xcconfig"; sourceTree = "<group>"; };
		352E9FE0085BAEA6B38E9B03 /* Pods_DataViewAppUITests.framework */ = {isa = PBXFileReference; explicitFileType = wrapper.framework; includeInIndex = 0; path = Pods_DataViewAppUITests.framework; sourceTree = BUILT_PRODUCTS_DIR; };
		65AE4772CCAE98EEE1E5008C /* Pods-DataViewAppUITests.debug.xcconfig */ = {isa = PBXFileReference; includeInIndex = 1; lastKnownFileType = text.xcconfig; name = "Pods-DataViewAppUITests.debug.xcconfig"; path = "Target Support Files/Pods-DataViewAppUITests/Pods-DataViewAppUITests.debug.xcconfig"; sourceTree = "<group>"; };
		6BBBD6065ED2AA32B11A5997 /* Pods-DataViewAppTests.debug.xcconfig */ = {isa = PBXFileReference; includeInIndex = 1; lastKnownFileType = text.xcconfig; name = "Pods-DataViewAppTests.debug.xcconfig"; path = "Target Support Files/Pods-DataViewAppTests/Pods-DataViewAppTests.debug.xcconfig"; sourceTree = "<group>"; };
		8965E6B9BE854FF6DEAD774D /* Pods-DataViewApp.release.xcconfig */ = {isa = PBXFileReference; includeInIndex = 1; lastKnownFileType = text.xcconfig; name = "Pods-DataViewApp.release.xcconfig"; path = "Target Support Files/Pods-DataViewApp/Pods-DataViewApp.release.xcconfig"; sourceTree = "<group>"; };
		AB29F211528A8CF93A9184D0 /* Pods_DataViewApp.framework */ = {isa = PBXFileReference; explicitFileType = wrapper.framework; includeInIndex = 0; path = Pods_DataViewApp.framework; sourceTree = BUILT_PRODUCTS_DIR; };
		BCA9D6B165FC1628E25C91F6 /* Pods_DataViewAppTests.framework */ = {isa = PBXFileReference; explicitFileType = wrapper.framework; includeInIndex = 0; path = Pods_DataViewAppTests.framework; sourceTree = BUILT_PRODUCTS_DIR; };
		BE6A2978CFC4124586D78E28 /* Pods-DataViewApp.debug.xcconfig */ = {isa = PBXFileReference; includeInIndex = 1; lastKnownFileType = text.xcconfig; name = "Pods-DataViewApp.debug.xcconfig"; path = "Target Support Files/Pods-DataViewApp/Pods-DataViewApp.debug.xcconfig"; sourceTree = "<group>"; };
		EF0436A722AAB51C00C144B0 /* DataViewApp.app */ = {isa = PBXFileReference; explicitFileType = wrapper.application; includeInIndex = 0; path = DataViewApp.app; sourceTree = BUILT_PRODUCTS_DIR; };
		EF0436AA22AAB51C00C144B0 /* AppDelegate.swift */ = {isa = PBXFileReference; lastKnownFileType = sourcecode.swift; path = AppDelegate.swift; sourceTree = "<group>"; };
		EF0436AC22AAB51C00C144B0 /* ViewController.swift */ = {isa = PBXFileReference; lastKnownFileType = sourcecode.swift; path = ViewController.swift; sourceTree = "<group>"; };
		EF0436AF22AAB51C00C144B0 /* Base */ = {isa = PBXFileReference; lastKnownFileType = file.storyboard; name = Base; path = Base.lproj/Main.storyboard; sourceTree = "<group>"; };
		EF0436B122AAB51D00C144B0 /* Assets.xcassets */ = {isa = PBXFileReference; lastKnownFileType = folder.assetcatalog; path = Assets.xcassets; sourceTree = "<group>"; };
		EF0436B422AAB51D00C144B0 /* Base */ = {isa = PBXFileReference; lastKnownFileType = file.storyboard; name = Base; path = Base.lproj/LaunchScreen.storyboard; sourceTree = "<group>"; };
		EF0436B622AAB51D00C144B0 /* Info.plist */ = {isa = PBXFileReference; lastKnownFileType = text.plist.xml; path = Info.plist; sourceTree = "<group>"; };
		EF0436BB22AAB51D00C144B0 /* DataViewAppTests.xctest */ = {isa = PBXFileReference; explicitFileType = wrapper.cfbundle; includeInIndex = 0; path = DataViewAppTests.xctest; sourceTree = BUILT_PRODUCTS_DIR; };
		EF0436BF22AAB51D00C144B0 /* DataViewAppTests.swift */ = {isa = PBXFileReference; lastKnownFileType = sourcecode.swift; path = DataViewAppTests.swift; sourceTree = "<group>"; };
		EF0436C122AAB51D00C144B0 /* Info.plist */ = {isa = PBXFileReference; lastKnownFileType = text.plist.xml; path = Info.plist; sourceTree = "<group>"; };
		EF0436C622AAB51D00C144B0 /* DataViewAppUITests.xctest */ = {isa = PBXFileReference; explicitFileType = wrapper.cfbundle; includeInIndex = 0; path = DataViewAppUITests.xctest; sourceTree = BUILT_PRODUCTS_DIR; };
		EF0436CA22AAB51D00C144B0 /* DataViewAppUITests.swift */ = {isa = PBXFileReference; lastKnownFileType = sourcecode.swift; path = DataViewAppUITests.swift; sourceTree = "<group>"; };
		EF0436CC22AAB51D00C144B0 /* Info.plist */ = {isa = PBXFileReference; lastKnownFileType = text.plist.xml; path = Info.plist; sourceTree = "<group>"; };
		EF0436DD22AB082300C144B0 /* RepoData.swift */ = {isa = PBXFileReference; lastKnownFileType = sourcecode.swift; path = RepoData.swift; sourceTree = "<group>"; };
		EF0436DF22AD69E300C144B0 /* Alamofire.framework */ = {isa = PBXFileReference; explicitFileType = wrapper.framework; path = Alamofire.framework; sourceTree = BUILT_PRODUCTS_DIR; };
		EF5D78ED22AEE6390030B606 /* Nimble.framework */ = {isa = PBXFileReference; explicitFileType = wrapper.framework; path = Nimble.framework; sourceTree = BUILT_PRODUCTS_DIR; };
		EF5D78EF22AEE6390030B606 /* Quick.framework */ = {isa = PBXFileReference; explicitFileType = wrapper.framework; path = Quick.framework; sourceTree = BUILT_PRODUCTS_DIR; };
		EF5D78F122AEF01F0030B606 /* DataViewAppStructure.swift */ = {isa = PBXFileReference; lastKnownFileType = sourcecode.swift; path = DataViewAppStructure.swift; sourceTree = "<group>"; };
		EF5D78F322AEF24D0030B606 /* DataViewAppUnitTest.swift */ = {isa = PBXFileReference; lastKnownFileType = sourcecode.swift; path = DataViewAppUnitTest.swift; sourceTree = "<group>"; };
		EF825C0D22ADDA8C006E4E22 /* SwiftyJSON.framework */ = {isa = PBXFileReference; explicitFileType = wrapper.framework; path = SwiftyJSON.framework; sourceTree = BUILT_PRODUCTS_DIR; };
		EF825C0F22AE0CFF006E4E22 /* ItemListCell.swift */ = {isa = PBXFileReference; lastKnownFileType = sourcecode.swift; path = ItemListCell.swift; sourceTree = "<group>"; };
		FBC6CB07012919108EB5F406 /* Pods-DataViewAppUITests.release.xcconfig */ = {isa = PBXFileReference; includeInIndex = 1; lastKnownFileType = text.xcconfig; name = "Pods-DataViewAppUITests.release.xcconfig"; path = "Target Support Files/Pods-DataViewAppUITests/Pods-DataViewAppUITests.release.xcconfig"; sourceTree = "<group>"; };
/* End PBXFileReference section */

/* Begin PBXFrameworksBuildPhase section */
		EF0436A422AAB51C00C144B0 /* Frameworks */ = {
			isa = PBXFrameworksBuildPhase;
			buildActionMask = 2147483647;
			files = (
				EF5D78EE22AEE6390030B606 /* Nimble.framework in Frameworks */,
				EF5D78F022AEE6390030B606 /* Quick.framework in Frameworks */,
				EF825C0E22ADDA8C006E4E22 /* SwiftyJSON.framework in Frameworks */,
				EF0436E022AD69E300C144B0 /* Alamofire.framework in Frameworks */,
				5522D87B7C846D484AE5AFC0 /* Pods_DataViewApp.framework in Frameworks */,
			);
			runOnlyForDeploymentPostprocessing = 0;
		};
		EF0436B822AAB51D00C144B0 /* Frameworks */ = {
			isa = PBXFrameworksBuildPhase;
			buildActionMask = 2147483647;
			files = (
				81FD7DD3F2CA78AD4644A9E2 /* Pods_DataViewAppTests.framework in Frameworks */,
			);
			runOnlyForDeploymentPostprocessing = 0;
		};
		EF0436C322AAB51D00C144B0 /* Frameworks */ = {
			isa = PBXFrameworksBuildPhase;
			buildActionMask = 2147483647;
			files = (
				5FEBA904985FFC614CC7B106 /* Pods_DataViewAppUITests.framework in Frameworks */,
			);
			runOnlyForDeploymentPostprocessing = 0;
		};
/* End PBXFrameworksBuildPhase section */

/* Begin PBXGroup section */
		9D304F2691A6B109FA92A689 /* Frameworks */ = {
			isa = PBXGroup;
			children = (
				EF5D78ED22AEE6390030B606 /* Nimble.framework */,
				EF5D78EF22AEE6390030B606 /* Quick.framework */,
				EF825C0D22ADDA8C006E4E22 /* SwiftyJSON.framework */,
				EF0436DF22AD69E300C144B0 /* Alamofire.framework */,
				AB29F211528A8CF93A9184D0 /* Pods_DataViewApp.framework */,
				BCA9D6B165FC1628E25C91F6 /* Pods_DataViewAppTests.framework */,
				352E9FE0085BAEA6B38E9B03 /* Pods_DataViewAppUITests.framework */,
			);
			name = Frameworks;
			sourceTree = "<group>";
		};
		D8BF627B7A754A98593040F4 /* Pods */ = {
			isa = PBXGroup;
			children = (
				BE6A2978CFC4124586D78E28 /* Pods-DataViewApp.debug.xcconfig */,
				8965E6B9BE854FF6DEAD774D /* Pods-DataViewApp.release.xcconfig */,
				6BBBD6065ED2AA32B11A5997 /* Pods-DataViewAppTests.debug.xcconfig */,
				121069E518F7AD0898562B6C /* Pods-DataViewAppTests.release.xcconfig */,
				65AE4772CCAE98EEE1E5008C /* Pods-DataViewAppUITests.debug.xcconfig */,
				FBC6CB07012919108EB5F406 /* Pods-DataViewAppUITests.release.xcconfig */,
			);
			path = Pods;
			sourceTree = "<group>";
		};
		EF04369E22AAB51C00C144B0 = {
			isa = PBXGroup;
			children = (
				EF0436A922AAB51C00C144B0 /* DataViewApp */,
				EF0436BE22AAB51D00C144B0 /* DataViewAppTests */,
				EF0436C922AAB51D00C144B0 /* DataViewAppUITests */,
				EF0436A822AAB51C00C144B0 /* Products */,
				D8BF627B7A754A98593040F4 /* Pods */,
				9D304F2691A6B109FA92A689 /* Frameworks */,
			);
			sourceTree = "<group>";
		};
		EF0436A822AAB51C00C144B0 /* Products */ = {
			isa = PBXGroup;
			children = (
				EF0436A722AAB51C00C144B0 /* DataViewApp.app */,
				EF0436BB22AAB51D00C144B0 /* DataViewAppTests.xctest */,
				EF0436C622AAB51D00C144B0 /* DataViewAppUITests.xctest */,
			);
			name = Products;
			sourceTree = "<group>";
		};
		EF0436A922AAB51C00C144B0 /* DataViewApp */ = {
			isa = PBXGroup;
			children = (
				EF0436AA22AAB51C00C144B0 /* AppDelegate.swift */,
				EF0436AC22AAB51C00C144B0 /* ViewController.swift */,
				EF0436AE22AAB51C00C144B0 /* Main.storyboard */,
				EF0436B122AAB51D00C144B0 /* Assets.xcassets */,
				EF0436B322AAB51D00C144B0 /* LaunchScreen.storyboard */,
				EF0436B622AAB51D00C144B0 /* Info.plist */,
				EF0436DD22AB082300C144B0 /* RepoData.swift */,
				EF825C0F22AE0CFF006E4E22 /* ItemListCell.swift */,
			);
			path = DataViewApp;
			sourceTree = "<group>";
		};
		EF0436BE22AAB51D00C144B0 /* DataViewAppTests */ = {
			isa = PBXGroup;
			children = (
				EF0436BF22AAB51D00C144B0 /* DataViewAppTests.swift */,
				EF0436C122AAB51D00C144B0 /* Info.plist */,
				EF5D78F122AEF01F0030B606 /* DataViewAppStructure.swift */,
				EF5D78F322AEF24D0030B606 /* DataViewAppUnitTest.swift */,
			);
			path = DataViewAppTests;
			sourceTree = "<group>";
		};
		EF0436C922AAB51D00C144B0 /* DataViewAppUITests */ = {
			isa = PBXGroup;
			children = (
				EF0436CA22AAB51D00C144B0 /* DataViewAppUITests.swift */,
				EF0436CC22AAB51D00C144B0 /* Info.plist */,
			);
			path = DataViewAppUITests;
			sourceTree = "<group>";
		};
/* End PBXGroup section */

/* Begin PBXNativeTarget section */
		EF0436A622AAB51C00C144B0 /* DataViewApp */ = {
			isa = PBXNativeTarget;
			buildConfigurationList = EF0436CF22AAB51D00C144B0 /* Build configuration list for PBXNativeTarget "DataViewApp" */;
			buildPhases = (
				AB907F33C02F624FC3EEBEE8 /* [CP] Check Pods Manifest.lock */,
				EF0436A322AAB51C00C144B0 /* Sources */,
				EF0436A422AAB51C00C144B0 /* Frameworks */,
				EF0436A522AAB51C00C144B0 /* Resources */,
				F209CDFF47FED549FAC05127 /* [CP] Embed Pods Frameworks */,
			);
			buildRules = (
			);
			dependencies = (
			);
			name = DataViewApp;
			productName = DataViewApp;
			productReference = EF0436A722AAB51C00C144B0 /* DataViewApp.app */;
			productType = "com.apple.product-type.application";
		};
		EF0436BA22AAB51D00C144B0 /* DataViewAppTests */ = {
			isa = PBXNativeTarget;
			buildConfigurationList = EF0436D222AAB51D00C144B0 /* Build configuration list for PBXNativeTarget "DataViewAppTests" */;
			buildPhases = (
				A322C8AD309D20AA34E6A4FD /* [CP] Check Pods Manifest.lock */,
				EF0436B722AAB51D00C144B0 /* Sources */,
				EF0436B822AAB51D00C144B0 /* Frameworks */,
				EF0436B922AAB51D00C144B0 /* Resources */,
			);
			buildRules = (
			);
			dependencies = (
				EF0436BD22AAB51D00C144B0 /* PBXTargetDependency */,
			);
			name = DataViewAppTests;
			productName = DataViewAppTests;
			productReference = EF0436BB22AAB51D00C144B0 /* DataViewAppTests.xctest */;
			productType = "com.apple.product-type.bundle.unit-test";
		};
		EF0436C522AAB51D00C144B0 /* DataViewAppUITests */ = {
			isa = PBXNativeTarget;
			buildConfigurationList = EF0436D522AAB51D00C144B0 /* Build configuration list for PBXNativeTarget "DataViewAppUITests" */;
			buildPhases = (
				C6EB0B49885D08E3710AA80F /* [CP] Check Pods Manifest.lock */,
				EF0436C222AAB51D00C144B0 /* Sources */,
				EF0436C322AAB51D00C144B0 /* Frameworks */,
				EF0436C422AAB51D00C144B0 /* Resources */,
			);
			buildRules = (
			);
			dependencies = (
				EF0436C822AAB51D00C144B0 /* PBXTargetDependency */,
			);
			name = DataViewAppUITests;
			productName = DataViewAppUITests;
			productReference = EF0436C622AAB51D00C144B0 /* DataViewAppUITests.xctest */;
			productType = "com.apple.product-type.bundle.ui-testing";
		};
/* End PBXNativeTarget section */

/* Begin PBXProject section */
		EF04369F22AAB51C00C144B0 /* Project object */ = {
			isa = PBXProject;
			attributes = {
				LastSwiftUpdateCheck = 1020;
				LastUpgradeCheck = 1020;
				ORGANIZATIONNAME = tcasablancas;
				TargetAttributes = {
					EF0436A622AAB51C00C144B0 = {
						CreatedOnToolsVersion = 10.2.1;
					};
					EF0436BA22AAB51D00C144B0 = {
						CreatedOnToolsVersion = 10.2.1;
						TestTargetID = EF0436A622AAB51C00C144B0;
					};
					EF0436C522AAB51D00C144B0 = {
						CreatedOnToolsVersion = 10.2.1;
						TestTargetID = EF0436A622AAB51C00C144B0;
					};
				};
			};
			buildConfigurationList = EF0436A222AAB51C00C144B0 /* Build configuration list for PBXProject "DataViewApp" */;
			compatibilityVersion = "Xcode 9.3";
			developmentRegion = en;
			hasScannedForEncodings = 0;
			knownRegions = (
				en,
				Base,
			);
			mainGroup = EF04369E22AAB51C00C144B0;
			productRefGroup = EF0436A822AAB51C00C144B0 /* Products */;
			projectDirPath = "";
			projectRoot = "";
			targets = (
				EF0436A622AAB51C00C144B0 /* DataViewApp */,
				EF0436BA22AAB51D00C144B0 /* DataViewAppTests */,
				EF0436C522AAB51D00C144B0 /* DataViewAppUITests */,
			);
		};
/* End PBXProject section */

/* Begin PBXResourcesBuildPhase section */
		EF0436A522AAB51C00C144B0 /* Resources */ = {
			isa = PBXResourcesBuildPhase;
			buildActionMask = 2147483647;
			files = (
				EF0436B522AAB51D00C144B0 /* LaunchScreen.storyboard in Resources */,
				EF0436B222AAB51D00C144B0 /* Assets.xcassets in Resources */,
				EF0436B022AAB51C00C144B0 /* Main.storyboard in Resources */,
			);
			runOnlyForDeploymentPostprocessing = 0;
		};
		EF0436B922AAB51D00C144B0 /* Resources */ = {
			isa = PBXResourcesBuildPhase;
			buildActionMask = 2147483647;
			files = (
			);
			runOnlyForDeploymentPostprocessing = 0;
		};
		EF0436C422AAB51D00C144B0 /* Resources */ = {
			isa = PBXResourcesBuildPhase;
			buildActionMask = 2147483647;
			files = (
			);
			runOnlyForDeploymentPostprocessing = 0;
		};
/* End PBXResourcesBuildPhase section */

/* Begin PBXShellScriptBuildPhase section */
		A322C8AD309D20AA34E6A4FD /* [CP] Check Pods Manifest.lock */ = {
			isa = PBXShellScriptBuildPhase;
			buildActionMask = 2147483647;
			files = (
			);
			inputFileListPaths = (
			);
			inputPaths = (
				"${PODS_PODFILE_DIR_PATH}/Podfile.lock",
				"${PODS_ROOT}/Manifest.lock",
			);
			name = "[CP] Check Pods Manifest.lock";
			outputFileListPaths = (
			);
			outputPaths = (
				"$(DERIVED_FILE_DIR)/Pods-DataViewAppTests-checkManifestLockResult.txt",
			);
			runOnlyForDeploymentPostprocessing = 0;
			shellPath = /bin/sh;
			shellScript = "diff \"${PODS_PODFILE_DIR_PATH}/Podfile.lock\" \"${PODS_ROOT}/Manifest.lock\" > /dev/null\nif [ $? != 0 ] ; then\n    # print error to STDERR\n    echo \"error: The sandbox is not in sync with the Podfile.lock. Run 'pod install' or update your CocoaPods installation.\" >&2\n    exit 1\nfi\n# This output is used by Xcode 'outputs' to avoid re-running this script phase.\necho \"SUCCESS\" > \"${SCRIPT_OUTPUT_FILE_0}\"\n";
			showEnvVarsInLog = 0;
		};
		AB907F33C02F624FC3EEBEE8 /* [CP] Check Pods Manifest.lock */ = {
			isa = PBXShellScriptBuildPhase;
			buildActionMask = 2147483647;
			files = (
			);
			inputFileListPaths = (
			);
			inputPaths = (
				"${PODS_PODFILE_DIR_PATH}/Podfile.lock",
				"${PODS_ROOT}/Manifest.lock",
			);
			name = "[CP] Check Pods Manifest.lock";
			outputFileListPaths = (
			);
			outputPaths = (
				"$(DERIVED_FILE_DIR)/Pods-DataViewApp-checkManifestLockResult.txt",
			);
			runOnlyForDeploymentPostprocessing = 0;
			shellPath = /bin/sh;
			shellScript = "diff \"${PODS_PODFILE_DIR_PATH}/Podfile.lock\" \"${PODS_ROOT}/Manifest.lock\" > /dev/null\nif [ $? != 0 ] ; then\n    # print error to STDERR\n    echo \"error: The sandbox is not in sync with the Podfile.lock. Run 'pod install' or update your CocoaPods installation.\" >&2\n    exit 1\nfi\n# This output is used by Xcode 'outputs' to avoid re-running this script phase.\necho \"SUCCESS\" > \"${SCRIPT_OUTPUT_FILE_0}\"\n";
			showEnvVarsInLog = 0;
		};
		C6EB0B49885D08E3710AA80F /* [CP] Check Pods Manifest.lock */ = {
			isa = PBXShellScriptBuildPhase;
			buildActionMask = 2147483647;
			files = (
			);
			inputFileListPaths = (
			);
			inputPaths = (
				"${PODS_PODFILE_DIR_PATH}/Podfile.lock",
				"${PODS_ROOT}/Manifest.lock",
			);
			name = "[CP] Check Pods Manifest.lock";
			outputFileListPaths = (
			);
			outputPaths = (
				"$(DERIVED_FILE_DIR)/Pods-DataViewAppUITests-checkManifestLockResult.txt",
			);
			runOnlyForDeploymentPostprocessing = 0;
			shellPath = /bin/sh;
			shellScript = "diff \"${PODS_PODFILE_DIR_PATH}/Podfile.lock\" \"${PODS_ROOT}/Manifest.lock\" > /dev/null\nif [ $? != 0 ] ; then\n    # print error to STDERR\n    echo \"error: The sandbox is not in sync with the Podfile.lock. Run 'pod install' or update your CocoaPods installation.\" >&2\n    exit 1\nfi\n# This output is used by Xcode 'outputs' to avoid re-running this script phase.\necho \"SUCCESS\" > \"${SCRIPT_OUTPUT_FILE_0}\"\n";
			showEnvVarsInLog = 0;
		};
		F209CDFF47FED549FAC05127 /* [CP] Embed Pods Frameworks */ = {
			isa = PBXShellScriptBuildPhase;
			buildActionMask = 2147483647;
			files = (
			);
			inputFileListPaths = (
			);
			inputPaths = (
				"${PODS_ROOT}/Target Support Files/Pods-DataViewApp/Pods-DataViewApp-frameworks.sh",
				"${BUILT_PRODUCTS_DIR}/Alamofire/Alamofire.framework",
				"${BUILT_PRODUCTS_DIR}/Nimble/Nimble.framework",
				"${BUILT_PRODUCTS_DIR}/Quick/Quick.framework",
				"${BUILT_PRODUCTS_DIR}/SwiftyJSON/SwiftyJSON.framework",
			);
			name = "[CP] Embed Pods Frameworks";
			outputFileListPaths = (
			);
			outputPaths = (
				"${TARGET_BUILD_DIR}/${FRAMEWORKS_FOLDER_PATH}/Alamofire.framework",
				"${TARGET_BUILD_DIR}/${FRAMEWORKS_FOLDER_PATH}/Nimble.framework",
				"${TARGET_BUILD_DIR}/${FRAMEWORKS_FOLDER_PATH}/Quick.framework",
				"${TARGET_BUILD_DIR}/${FRAMEWORKS_FOLDER_PATH}/SwiftyJSON.framework",
			);
			runOnlyForDeploymentPostprocessing = 0;
			shellPath = /bin/sh;
			shellScript = "\"${PODS_ROOT}/Target Support Files/Pods-DataViewApp/Pods-DataViewApp-frameworks.sh\"\n";
			showEnvVarsInLog = 0;
		};
/* End PBXShellScriptBuildPhase section */

/* Begin PBXSourcesBuildPhase section */
		EF0436A322AAB51C00C144B0 /* Sources */ = {
			isa = PBXSourcesBuildPhase;
			buildActionMask = 2147483647;
			files = (
				EF825C1022AE0CFF006E4E22 /* ItemListCell.swift in Sources */,
				EF0436AD22AAB51C00C144B0 /* ViewController.swift in Sources */,
				EF0436DE22AB082300C144B0 /* RepoData.swift in Sources */,
				EF0436AB22AAB51C00C144B0 /* AppDelegate.swift in Sources */,
			);
			runOnlyForDeploymentPostprocessing = 0;
		};
		EF0436B722AAB51D00C144B0 /* Sources */ = {
			isa = PBXSourcesBuildPhase;
			buildActionMask = 2147483647;
			files = (
				EF0436C022AAB51D00C144B0 /* DataViewAppTests.swift in Sources */,
				EF5D78F222AEF01F0030B606 /* DataViewAppStructure.swift in Sources */,
				EF5D78F422AEF24D0030B606 /* DataViewAppUnitTest.swift in Sources */,
			);
			runOnlyForDeploymentPostprocessing = 0;
		};
		EF0436C222AAB51D00C144B0 /* Sources */ = {
			isa = PBXSourcesBuildPhase;
			buildActionMask = 2147483647;
			files = (
				EF0436CB22AAB51D00C144B0 /* DataViewAppUITests.swift in Sources */,
			);
			runOnlyForDeploymentPostprocessing = 0;
		};
/* End PBXSourcesBuildPhase section */

/* Begin PBXTargetDependency section */
		EF0436BD22AAB51D00C144B0 /* PBXTargetDependency */ = {
			isa = PBXTargetDependency;
			target = EF0436A622AAB51C00C144B0 /* DataViewApp */;
			targetProxy = EF0436BC22AAB51D00C144B0 /* PBXContainerItemProxy */;
		};
		EF0436C822AAB51D00C144B0 /* PBXTargetDependency */ = {
			isa = PBXTargetDependency;
			target = EF0436A622AAB51C00C144B0 /* DataViewApp */;
			targetProxy = EF0436C722AAB51D00C144B0 /* PBXContainerItemProxy */;
		};
/* End PBXTargetDependency section */

/* Begin PBXVariantGroup section */
		EF0436AE22AAB51C00C144B0 /* Main.storyboard */ = {
			isa = PBXVariantGroup;
			children = (
				EF0436AF22AAB51C00C144B0 /* Base */,
			);
			name = Main.storyboard;
			sourceTree = "<group>";
		};
		EF0436B322AAB51D00C144B0 /* LaunchScreen.storyboard */ = {
			isa = PBXVariantGroup;
			children = (
				EF0436B422AAB51D00C144B0 /* Base */,
			);
			name = LaunchScreen.storyboard;
			sourceTree = "<group>";
		};
/* End PBXVariantGroup section */

/* Begin XCBuildConfiguration section */
		EF0436CD22AAB51D00C144B0 /* Debug */ = {
			isa = XCBuildConfiguration;
			buildSettings = {
				ALWAYS_SEARCH_USER_PATHS = NO;
				CLANG_ANALYZER_NONNULL = YES;
				CLANG_ANALYZER_NUMBER_OBJECT_CONVERSION = YES_AGGRESSIVE;
				CLANG_CXX_LANGUAGE_STANDARD = "gnu++14";
				CLANG_CXX_LIBRARY = "libc++";
				CLANG_ENABLE_MODULES = YES;
				CLANG_ENABLE_OBJC_ARC = YES;
				CLANG_ENABLE_OBJC_WEAK = YES;
				CLANG_WARN_BLOCK_CAPTURE_AUTORELEASING = YES;
				CLANG_WARN_BOOL_CONVERSION = YES;
				CLANG_WARN_COMMA = YES;
				CLANG_WARN_CONSTANT_CONVERSION = YES;
				CLANG_WARN_DEPRECATED_OBJC_IMPLEMENTATIONS = YES;
				CLANG_WARN_DIRECT_OBJC_ISA_USAGE = YES_ERROR;
				CLANG_WARN_DOCUMENTATION_COMMENTS = YES;
				CLANG_WARN_EMPTY_BODY = YES;
				CLANG_WARN_ENUM_CONVERSION = YES;
				CLANG_WARN_INFINITE_RECURSION = YES;
				CLANG_WARN_INT_CONVERSION = YES;
				CLANG_WARN_NON_LITERAL_NULL_CONVERSION = YES;
				CLANG_WARN_OBJC_IMPLICIT_RETAIN_SELF = YES;
				CLANG_WARN_OBJC_LITERAL_CONVERSION = YES;
				CLANG_WARN_OBJC_ROOT_CLASS = YES_ERROR;
				CLANG_WARN_RANGE_LOOP_ANALYSIS = YES;
				CLANG_WARN_STRICT_PROTOTYPES = YES;
				CLANG_WARN_SUSPICIOUS_MOVE = YES;
				CLANG_WARN_UNGUARDED_AVAILABILITY = YES_AGGRESSIVE;
				CLANG_WARN_UNREACHABLE_CODE = YES;
				CLANG_WARN__DUPLICATE_METHOD_MATCH = YES;
				CODE_SIGN_IDENTITY = "iPhone Developer";
				COPY_PHASE_STRIP = NO;
				DEBUG_INFORMATION_FORMAT = dwarf;
				ENABLE_STRICT_OBJC_MSGSEND = YES;
				ENABLE_TESTABILITY = YES;
				GCC_C_LANGUAGE_STANDARD = gnu11;
				GCC_DYNAMIC_NO_PIC = NO;
				GCC_NO_COMMON_BLOCKS = YES;
				GCC_OPTIMIZATION_LEVEL = 0;
				GCC_PREPROCESSOR_DEFINITIONS = (
					"DEBUG=1",
					"$(inherited)",
				);
				GCC_WARN_64_TO_32_BIT_CONVERSION = YES;
				GCC_WARN_ABOUT_RETURN_TYPE = YES_ERROR;
				GCC_WARN_UNDECLARED_SELECTOR = YES;
				GCC_WARN_UNINITIALIZED_AUTOS = YES_AGGRESSIVE;
				GCC_WARN_UNUSED_FUNCTION = YES;
				GCC_WARN_UNUSED_VARIABLE = YES;
				IPHONEOS_DEPLOYMENT_TARGET = 12.2;
				MTL_ENABLE_DEBUG_INFO = INCLUDE_SOURCE;
				MTL_FAST_MATH = YES;
				ONLY_ACTIVE_ARCH = YES;
				SDKROOT = iphoneos;
				SWIFT_ACTIVE_COMPILATION_CONDITIONS = DEBUG;
				SWIFT_OPTIMIZATION_LEVEL = "-Onone";
			};
			name = Debug;
		};
		EF0436CE22AAB51D00C144B0 /* Release */ = {
			isa = XCBuildConfiguration;
			buildSettings = {
				ALWAYS_SEARCH_USER_PATHS = NO;
				CLANG_ANALYZER_NONNULL = YES;
				CLANG_ANALYZER_NUMBER_OBJECT_CONVERSION = YES_AGGRESSIVE;
				CLANG_CXX_LANGUAGE_STANDARD = "gnu++14";
				CLANG_CXX_LIBRARY = "libc++";
				CLANG_ENABLE_MODULES = YES;
				CLANG_ENABLE_OBJC_ARC = YES;
				CLANG_ENABLE_OBJC_WEAK = YES;
				CLANG_WARN_BLOCK_CAPTURE_AUTORELEASING = YES;
				CLANG_WARN_BOOL_CONVERSION = YES;
				CLANG_WARN_COMMA = YES;
				CLANG_WARN_CONSTANT_CONVERSION = YES;
				CLANG_WARN_DEPRECATED_OBJC_IMPLEMENTATIONS = YES;
				CLANG_WARN_DIRECT_OBJC_ISA_USAGE = YES_ERROR;
				CLANG_WARN_DOCUMENTATION_COMMENTS = YES;
				CLANG_WARN_EMPTY_BODY = YES;
				CLANG_WARN_ENUM_CONVERSION = YES;
				CLANG_WARN_INFINITE_RECURSION = YES;
				CLANG_WARN_INT_CONVERSION = YES;
				CLANG_WARN_NON_LITERAL_NULL_CONVERSION = YES;
				CLANG_WARN_OBJC_IMPLICIT_RETAIN_SELF = YES;
				CLANG_WARN_OBJC_LITERAL_CONVERSION = YES;
				CLANG_WARN_OBJC_ROOT_CLASS = YES_ERROR;
				CLANG_WARN_RANGE_LOOP_ANALYSIS = YES;
				CLANG_WARN_STRICT_PROTOTYPES = YES;
				CLANG_WARN_SUSPICIOUS_MOVE = YES;
				CLANG_WARN_UNGUARDED_AVAILABILITY = YES_AGGRESSIVE;
				CLANG_WARN_UNREACHABLE_CODE = YES;
				CLANG_WARN__DUPLICATE_METHOD_MATCH = YES;
				CODE_SIGN_IDENTITY = "iPhone Developer";
				COPY_PHASE_STRIP = NO;
				DEBUG_INFORMATION_FORMAT = "dwarf-with-dsym";
				ENABLE_NS_ASSERTIONS = NO;
				ENABLE_STRICT_OBJC_MSGSEND = YES;
				GCC_C_LANGUAGE_STANDARD = gnu11;
				GCC_NO_COMMON_BLOCKS = YES;
				GCC_WARN_64_TO_32_BIT_CONVERSION = YES;
				GCC_WARN_ABOUT_RETURN_TYPE = YES_ERROR;
				GCC_WARN_UNDECLARED_SELECTOR = YES;
				GCC_WARN_UNINITIALIZED_AUTOS = YES_AGGRESSIVE;
				GCC_WARN_UNUSED_FUNCTION = YES;
				GCC_WARN_UNUSED_VARIABLE = YES;
				IPHONEOS_DEPLOYMENT_TARGET = 12.2;
				MTL_ENABLE_DEBUG_INFO = NO;
				MTL_FAST_MATH = YES;
				SDKROOT = iphoneos;
				SWIFT_COMPILATION_MODE = wholemodule;
				SWIFT_OPTIMIZATION_LEVEL = "-O";
				VALIDATE_PRODUCT = YES;
			};
			name = Release;
		};
		EF0436D022AAB51D00C144B0 /* Debug */ = {
			isa = XCBuildConfiguration;
			baseConfigurationReference = BE6A2978CFC4124586D78E28 /* Pods-DataViewApp.debug.xcconfig */;
			buildSettings = {
				ASSETCATALOG_COMPILER_APPICON_NAME = AppIcon;
				CODE_SIGN_STYLE = Automatic;
				DEVELOPMENT_TEAM = F48MGZ2AUR;
				INFOPLIST_FILE = DataViewApp/Info.plist;
				LD_RUNPATH_SEARCH_PATHS = (
					"$(inherited)",
					"@executable_path/Frameworks",
				);
				PRODUCT_BUNDLE_IDENTIFIER = tcasablancas.DataViewApp;
				PRODUCT_NAME = "$(TARGET_NAME)";
				SWIFT_VERSION = 5.0;
				TARGETED_DEVICE_FAMILY = "1,2";
			};
			name = Debug;
		};
		EF0436D122AAB51D00C144B0 /* Release */ = {
			isa = XCBuildConfiguration;
			baseConfigurationReference = 8965E6B9BE854FF6DEAD774D /* Pods-DataViewApp.release.xcconfig */;
			buildSettings = {
				ASSETCATALOG_COMPILER_APPICON_NAME = AppIcon;
				CODE_SIGN_STYLE = Automatic;
				DEVELOPMENT_TEAM = F48MGZ2AUR;
				INFOPLIST_FILE = DataViewApp/Info.plist;
				LD_RUNPATH_SEARCH_PATHS = (
					"$(inherited)",
					"@executable_path/Frameworks",
				);
				PRODUCT_BUNDLE_IDENTIFIER = tcasablancas.DataViewApp;
				PRODUCT_NAME = "$(TARGET_NAME)";
				SWIFT_VERSION = 5.0;
				TARGETED_DEVICE_FAMILY = "1,2";
			};
			name = Release;
		};
		EF0436D322AAB51D00C144B0 /* Debug */ = {
			isa = XCBuildConfiguration;
			baseConfigurationReference = 6BBBD6065ED2AA32B11A5997 /* Pods-DataViewAppTests.debug.xcconfig */;
			buildSettings = {
				ALWAYS_EMBED_SWIFT_STANDARD_LIBRARIES = YES;
				BUNDLE_LOADER = "$(TEST_HOST)";
				CODE_SIGN_STYLE = Automatic;
				DEVELOPMENT_TEAM = F48MGZ2AUR;
				INFOPLIST_FILE = DataViewAppTests/Info.plist;
				LD_RUNPATH_SEARCH_PATHS = (
					"$(inherited)",
					"@executable_path/Frameworks",
					"@loader_path/Frameworks",
				);
				PRODUCT_BUNDLE_IDENTIFIER = tcasablancas.DataViewAppTests;
				PRODUCT_NAME = "$(TARGET_NAME)";
				SWIFT_VERSION = 5.0;
				TARGETED_DEVICE_FAMILY = "1,2";
				TEST_HOST = "$(BUILT_PRODUCTS_DIR)/DataViewApp.app/DataViewApp";
			};
			name = Debug;
		};
		EF0436D422AAB51D00C144B0 /* Release */ = {
			isa = XCBuildConfiguration;
			baseConfigurationReference = 121069E518F7AD0898562B6C /* Pods-DataViewAppTests.release.xcconfig */;
			buildSettings = {
				ALWAYS_EMBED_SWIFT_STANDARD_LIBRARIES = YES;
				BUNDLE_LOADER = "$(TEST_HOST)";
				CODE_SIGN_STYLE = Automatic;
				DEVELOPMENT_TEAM = F48MGZ2AUR;
				INFOPLIST_FILE = DataViewAppTests/Info.plist;
				LD_RUNPATH_SEARCH_PATHS = (
					"$(inherited)",
					"@executable_path/Frameworks",
					"@loader_path/Frameworks",
				);
				PRODUCT_BUNDLE_IDENTIFIER = tcasablancas.DataViewAppTests;
				PRODUCT_NAME = "$(TARGET_NAME)";
				SWIFT_VERSION = 5.0;
				TARGETED_DEVICE_FAMILY = "1,2";
				TEST_HOST = "$(BUILT_PRODUCTS_DIR)/DataViewApp.app/DataViewApp";
			};
			name = Release;
		};
		EF0436D622AAB51D00C144B0 /* Debug */ = {
			isa = XCBuildConfiguration;
			baseConfigurationReference = 65AE4772CCAE98EEE1E5008C /* Pods-DataViewAppUITests.debug.xcconfig */;
			buildSettings = {
				ALWAYS_EMBED_SWIFT_STANDARD_LIBRARIES = YES;
				CODE_SIGN_STYLE = Automatic;
				DEVELOPMENT_TEAM = F48MGZ2AUR;
				INFOPLIST_FILE = DataViewAppUITests/Info.plist;
				LD_RUNPATH_SEARCH_PATHS = (
					"$(inherited)",
					"@executable_path/Frameworks",
					"@loader_path/Frameworks",
				);
				PRODUCT_BUNDLE_IDENTIFIER = tcasablancas.DataViewAppUITests;
				PRODUCT_NAME = "$(TARGET_NAME)";
				SWIFT_VERSION = 5.0;
				TARGETED_DEVICE_FAMILY = "1,2";
				TEST_TARGET_NAME = DataViewApp;
			};
			name = Debug;
		};
		EF0436D722AAB51D00C144B0 /* Release */ = {
			isa = XCBuildConfiguration;
			baseConfigurationReference = FBC6CB07012919108EB5F406 /* Pods-DataViewAppUITests.release.xcconfig */;
			buildSettings = {
				ALWAYS_EMBED_SWIFT_STANDARD_LIBRARIES = YES;
				CODE_SIGN_STYLE = Automatic;
				DEVELOPMENT_TEAM = F48MGZ2AUR;
				INFOPLIST_FILE = DataViewAppUITests/Info.plist;
				LD_RUNPATH_SEARCH_PATHS = (
					"$(inherited)",
					"@executable_path/Frameworks",
					"@loader_path/Frameworks",
				);
				PRODUCT_BUNDLE_IDENTIFIER = tcasablancas.DataViewAppUITests;
				PRODUCT_NAME = "$(TARGET_NAME)";
				SWIFT_VERSION = 5.0;
				TARGETED_DEVICE_FAMILY = "1,2";
				TEST_TARGET_NAME = DataViewApp;
			};
			name = Release;
		};
/* End XCBuildConfiguration section */

/* Begin XCConfigurationList section */
		EF0436A222AAB51C00C144B0 /* Build configuration list for PBXProject "DataViewApp" */ = {
			isa = XCConfigurationList;
			buildConfigurations = (
				EF0436CD22AAB51D00C144B0 /* Debug */,
				EF0436CE22AAB51D00C144B0 /* Release */,
			);
			defaultConfigurationIsVisible = 0;
			defaultConfigurationName = Release;
		};
		EF0436CF22AAB51D00C144B0 /* Build configuration list for PBXNativeTarget "DataViewApp" */ = {
			isa = XCConfigurationList;
			buildConfigurations = (
				EF0436D022AAB51D00C144B0 /* Debug */,
				EF0436D122AAB51D00C144B0 /* Release */,
			);
			defaultConfigurationIsVisible = 0;
			defaultConfigurationName = Release;
		};
		EF0436D222AAB51D00C144B0 /* Build configuration list for PBXNativeTarget "DataViewAppTests" */ = {
			isa = XCConfigurationList;
			buildConfigurations = (
				EF0436D322AAB51D00C144B0 /* Debug */,
				EF0436D422AAB51D00C144B0 /* Release */,
			);
			defaultConfigurationIsVisible = 0;
			defaultConfigurationName = Release;
		};
		EF0436D522AAB51D00C144B0 /* Build configuration list for PBXNativeTarget "DataViewAppUITests" */ = {
			isa = XCConfigurationList;
			buildConfigurations = (
				EF0436D622AAB51D00C144B0 /* Debug */,
				EF0436D722AAB51D00C144B0 /* Release */,
			);
			defaultConfigurationIsVisible = 0;
			defaultConfigurationName = Release;
		};
/* End XCConfigurationList section */
	};
	rootObject = EF04369F22AAB51C00C144B0 /* Project object */;
}
